# Written by Kite: the Kite release this site builds with, which kitew
# runs, and where each theme and plugin installed from an index came from.
# Their files are in themes/ and plugins/.
lockfileVersion: 1
kite:
  version: 0.1.8
  checksums: sha256:f4a97818180b4b1234c808146ef440b96f7a069608114b1df50d3d3a79545e0c
